
Microsoft Visual Studio Solution File, Format Version 12.00
# Visual Studio Version 16
VisualStudioVersion = 16.0.30011.22
MinimumVisualStudioVersion = 10.0.40219.1
Project("{FAE04EC0-301F-11D3-BF4B-00C04F79EFBC}") = "VividNet", "..\Binding\Net\VividNet\VividNet.csproj", "{2A83BC65-027A-4A52-AD5F-92AF3E83ACD4}"
EndProject
Project("{FAE04EC0-301F-11D3-BF4B-00C04F79EFBC}") = "NetTestVivid1", "..\NetTestVivid1\NetTestVivid1.csproj", "{041E6B9E-7945-4FB5-9BF5-0858131EF01C}"
EndProject
Global
	GlobalSection(SolutionConfigurationPlatforms) = preSolution
		Debug|Any CPU = Debug|Any CPU
		Debug|x64 = Debug|x64
		Release|Any CPU = Release|Any CPU
		Release|x64 = Release|x64
	EndGlobalSection
	GlobalSection(ProjectConfigurationPlatforms) = postSolution
		{2A83BC65-027A-4A52-AD5F-92AF3E83ACD4}.Debug|Any CPU.ActiveCfg = Debug|Any CPU
		{2A83BC65-027A-4A52-AD5F-92AF3E83ACD4}.Debug|Any CPU.Build.0 = Debug|Any CPU
		{2A83BC65-027A-4A52-AD5F-92AF3E83ACD4}.Debug|x64.ActiveCfg = Debug|x64
		{2A83BC65-027A-4A52-AD5F-92AF3E83ACD4}.Debug|x64.Build.0 = Debug|x64
		{2A83BC65-027A-4A52-AD5F-92AF3E83ACD4}.Release|Any CPU.ActiveCfg = Release|Any CPU
		{2A83BC65-027A-4A52-AD5F-92AF3E83ACD4}.Release|Any CPU.Build.0 = Release|Any CPU
		{2A83BC65-027A-4A52-AD5F-92AF3E83ACD4}.Release|x64.ActiveCfg = Release|x64
		{2A83BC65-027A-4A52-AD5F-92AF3E83ACD4}.Release|x64.Build.0 = Release|x64
		{041E6B9E-7945-4FB5-9BF5-0858131EF01C}.Debug|Any CPU.ActiveCfg = Debug|Any CPU
		{041E6B9E-7945-4FB5-9BF5-0858131EF01C}.Debug|Any CPU.Build.0 = Debug|Any CPU
		{041E6B9E-7945-4FB5-9BF5-0858131EF01C}.Debug|x64.ActiveCfg = Debug|x64
		{041E6B9E-7945-4FB5-9BF5-0858131EF01C}.Debug|x64.Build.0 = Debug|x64
		{041E6B9E-7945-4FB5-9BF5-0858131EF01C}.Release|Any CPU.ActiveCfg = Release|Any CPU
		{041E6B9E-7945-4FB5-9BF5-0858131EF01C}.Release|Any CPU.Build.0 = Release|Any CPU
		{041E6B9E-7945-4FB5-9BF5-0858131EF01C}.Release|x64.ActiveCfg = Release|Any CPU
		{041E6B9E-7945-4FB5-9BF5-0858131EF01C}.Release|x64.Build.0 = Release|Any CPU
	EndGlobalSection
	GlobalSection(SolutionProperties) = preSolution
		HideSolutionNode = FALSE
	EndGlobalSection
	GlobalSection(ExtensibilityGlobals) = postSolution
		SolutionGuid = {162427A2-E52C-47AD-92A1-28E2310196D7}
	EndGlobalSection
EndGlobal
