<?xml version="1.0" encoding="utf-8"?>
<Project ToolsVersion="4.0" xmlns="http://schemas.microsoft.com/developer/msbuild/2003">
  <ItemGroup>
    <Filter Include="Source Files">
      <UniqueIdentifier>{4FC737F1-C7A5-4376-A066-2A32D752A2FF}</UniqueIdentifier>
      <Extensions>cpp;c;cc;cxx;c++;def;odl;idl;hpj;bat;asm;asmx</Extensions>
    </Filter>
    <Filter Include="Header Files">
      <UniqueIdentifier>{93995380-89BD-4b04-88EB-625FBE52EBFB}</UniqueIdentifier>
      <Extensions>h;hh;hpp;hxx;h++;hm;inl;inc;ipp;xsd</Extensions>
    </Filter>
    <Filter Include="Resource Files">
      <UniqueIdentifier>{67DA6AB6-F800-4c08-8B7A-83BB121AAD01}</UniqueIdentifier>
      <Extensions>rc;ico;cur;bmp;dlg;rc2;rct;bin;rgs;gif;jpg;jpeg;jpe;resx;tiff;tif;png;wav;mfcribbon-ms</Extensions>
    </Filter>
  </ItemGroup>
  <ItemGroup>
    <ClInclude Include="framework.h">
      <Filter>Header Files</Filter>
    </ClInclude>
    <ClInclude Include="pch.h">
      <Filter>Header Files</Filter>
    </ClInclude>
    <ClInclude Include="DataGen.h">
      <Filter>Header Files</Filter>
    </ClInclude>
    <ClInclude Include="EngineMain.h">
      <Filter>Header Files</Filter>
    </ClInclude>
    <ClInclude Include="MeshTypes2.h">
      <Filter>Header Files</Filter>
    </ClInclude>
    <ClInclude Include="VividApp.h">
      <Filter>Header Files</Filter>
    </ClInclude>
    <ClInclude Include="VMesh2D.h">
      <Filter>Header Files</Filter>
    </ClInclude>
    <ClInclude Include="VMesh3D.h">
      <Filter>Header Files</Filter>
    </ClInclude>
    <ClInclude Include="VSceneEntity.h">
      <Filter>Header Files</Filter>
    </ClInclude>
    <ClInclude Include="vSceneNode.h">
      <Filter>Header Files</Filter>
    </ClInclude>
  </ItemGroup>
  <ItemGroup>
    <ClCompile Include="pch.cpp">
      <Filter>Source Files</Filter>
    </ClCompile>
    <ClCompile Include="DataGen.cpp">
      <Filter>Source Files</Filter>
    </ClCompile>
    <ClCompile Include="MeshTypes2.cpp">
      <Filter>Source Files</Filter>
    </ClCompile>
    <ClCompile Include="VividApp.cpp">
      <Filter>Source Files</Filter>
    </ClCompile>
    <ClCompile Include="VMesh2D.cpp">
      <Filter>Source Files</Filter>
    </ClCompile>
    <ClCompile Include="VMesh3D.cpp">
      <Filter>Source Files</Filter>
    </ClCompile>
    <ClCompile Include="VSceneEntity.cpp">
      <Filter>Source Files</Filter>
    </ClCompile>
    <ClCompile Include="vSceneNode.cpp">
      <Filter>Source Files</Filter>
    </ClCompile>
  </ItemGroup>
</Project>