<?xml version="1.0" encoding="utf-8"?>
<Project ToolsVersion="4.0" xmlns="http://schemas.microsoft.com/developer/msbuild/2003">
  <ItemGroup>
    <Filter Include="Source Files">
      <UniqueIdentifier>{4FC737F1-C7A5-4376-A066-2A32D752A2FF}</UniqueIdentifier>
      <Extensions>cpp;c;cc;cxx;c++;def;odl;idl;hpj;bat;asm;asmx</Extensions>
    </Filter>
    <Filter Include="Header Files">
      <UniqueIdentifier>{93995380-89BD-4b04-88EB-625FBE52EBFB}</UniqueIdentifier>
      <Extensions>h;hh;hpp;hxx;h++;hm;inl;inc;ipp;xsd</Extensions>
    </Filter>
    <Filter Include="Resource Files">
      <UniqueIdentifier>{67DA6AB6-F800-4c08-8B7A-83BB121AAD01}</UniqueIdentifier>
      <Extensions>rc;ico;cur;bmp;dlg;rc2;rct;bin;rgs;gif;jpg;jpeg;jpe;resx;tiff;tif;png;wav;mfcribbon-ms</Extensions>
    </Filter>
    <Filter Include="Mesh">
      <UniqueIdentifier>{ccacfe75-5c60-44c6-bda7-2b914afd71e0}</UniqueIdentifier>
    </Filter>
    <Filter Include="DataTypes">
      <UniqueIdentifier>{b53a5686-a25e-4335-9bbb-8a10400cb9e5}</UniqueIdentifier>
    </Filter>
    <Filter Include="DataGen">
      <UniqueIdentifier>{9122a846-dcf2-40ad-9f04-6fbe926e4ee1}</UniqueIdentifier>
    </Filter>
    <Filter Include="App">
      <UniqueIdentifier>{c6acdbfa-a685-49ad-8c64-d17fbe0e211f}</UniqueIdentifier>
    </Filter>
    <Filter Include="Scene">
      <UniqueIdentifier>{df16c727-500a-4fe0-adc1-079da4a3b99b}</UniqueIdentifier>
    </Filter>
    <Filter Include="Scene\Nodes">
      <UniqueIdentifier>{b457ea7c-643d-4103-adb2-31f856137cde}</UniqueIdentifier>
    </Filter>
    <Filter Include="Engine">
      <UniqueIdentifier>{087daadb-0e59-4e26-9a0f-0cff0c0cf967}</UniqueIdentifier>
    </Filter>
    <Filter Include="Draw">
      <UniqueIdentifier>{5ceadeaf-bf51-4c0d-bb28-be92cf6ce345}</UniqueIdentifier>
    </Filter>
    <Filter Include="Buffer">
      <UniqueIdentifier>{7cb63b94-e792-45c3-99e0-8163d726c8b3}</UniqueIdentifier>
    </Filter>
    <Filter Include="Buffer\Vertex">
      <UniqueIdentifier>{124c3a73-560b-48cd-a029-a5b07bd818ad}</UniqueIdentifier>
    </Filter>
    <Filter Include="RenderState">
      <UniqueIdentifier>{e68223a5-0fcc-4b3e-a5d0-417a7ce056ba}</UniqueIdentifier>
    </Filter>
    <Filter Include="Texture">
      <UniqueIdentifier>{804174aa-c288-4bd7-a404-566e9eedb496}</UniqueIdentifier>
    </Filter>
    <Filter Include="Import">
      <UniqueIdentifier>{36a9f1aa-41cf-4e6e-ad8b-232362c57d19}</UniqueIdentifier>
    </Filter>
    <Filter Include="Renderer">
      <UniqueIdentifier>{bc119bab-8f27-427b-b9a8-09a59267e333}</UniqueIdentifier>
    </Filter>
    <Filter Include="Renderer\RenderStates">
      <UniqueIdentifier>{9558072c-d0b2-4dad-bdd3-ff9f0a1db226}</UniqueIdentifier>
    </Filter>
    <Filter Include="Maths">
      <UniqueIdentifier>{119f3aee-835f-4d71-8f11-ad269d09fef1}</UniqueIdentifier>
    </Filter>
    <Filter Include="Material">
      <UniqueIdentifier>{30bdd4d9-7964-4d53-9d68-3cd4ac7d5780}</UniqueIdentifier>
    </Filter>
  </ItemGroup>
  <ItemGroup>
    <ClInclude Include="framework.h">
      <Filter>Header Files</Filter>
    </ClInclude>
    <ClInclude Include="pch.h">
      <Filter>Header Files</Filter>
    </ClInclude>
    <ClInclude Include="VMesh2D.h">
      <Filter>Mesh</Filter>
    </ClInclude>
    <ClInclude Include="VMesh3D.h">
      <Filter>Mesh</Filter>
    </ClInclude>
    <ClInclude Include="MeshTypes2.h">
      <Filter>DataTypes</Filter>
    </ClInclude>
    <ClInclude Include="DataGen.h">
      <Filter>DataGen</Filter>
    </ClInclude>
    <ClInclude Include="VividApp.h">
      <Filter>App</Filter>
    </ClInclude>
    <ClInclude Include="vSceneNode.h">
      <Filter>Scene</Filter>
    </ClInclude>
    <ClInclude Include="VSceneEntity.h">
      <Filter>Scene\Nodes</Filter>
    </ClInclude>
    <ClInclude Include="EngineMain.h">
      <Filter>Engine</Filter>
    </ClInclude>
    <ClInclude Include="Draw2D.h">
      <Filter>Draw</Filter>
    </ClInclude>
    <ClInclude Include="VertexBuffer2D.h">
      <Filter>Buffer\Vertex</Filter>
    </ClInclude>
    <ClInclude Include="RenderState2D.h">
      <Filter>RenderState</Filter>
    </ClInclude>
    <ClInclude Include="Texture2D.h">
      <Filter>Texture</Filter>
    </ClInclude>
    <ClInclude Include="NodeCam.h">
      <Filter>Scene\Nodes</Filter>
    </ClInclude>
    <ClInclude Include="Importer.h">
      <Filter>Import</Filter>
    </ClInclude>
    <ClInclude Include="SceneBase.h">
      <Filter>Scene</Filter>
    </ClInclude>
    <ClInclude Include="SceneRenderer.h">
      <Filter>Renderer</Filter>
    </ClInclude>
    <ClInclude Include="RenderState3DNormal.h">
      <Filter>Renderer\RenderStates</Filter>
    </ClInclude>
    <ClInclude Include="VertexBuffer3D.h">
      <Filter>Buffer\Vertex</Filter>
    </ClInclude>
    <ClInclude Include="MathsUtil.h">
      <Filter>Maths</Filter>
    </ClInclude>
    <ClInclude Include="Material.h">
      <Filter>Material</Filter>
    </ClInclude>
    <ClInclude Include="NodeLight.h">
      <Filter>Scene\Nodes</Filter>
    </ClInclude>
  </ItemGroup>
  <ItemGroup>
    <ClCompile Include="pch.cpp">
      <Filter>Source Files</Filter>
    </ClCompile>
    <ClCompile Include="DataGen.cpp">
      <Filter>DataGen</Filter>
    </ClCompile>
    <ClCompile Include="VMesh2D.cpp">
      <Filter>Mesh</Filter>
    </ClCompile>
    <ClCompile Include="VMesh3D.cpp">
      <Filter>Mesh</Filter>
    </ClCompile>
    <ClCompile Include="VividApp.cpp">
      <Filter>App</Filter>
    </ClCompile>
    <ClCompile Include="vSceneNode.cpp">
      <Filter>Scene</Filter>
    </ClCompile>
    <ClCompile Include="VSceneEntity.cpp">
      <Filter>Scene\Nodes</Filter>
    </ClCompile>
    <ClCompile Include="MeshTypes2.cpp">
      <Filter>DataTypes</Filter>
    </ClCompile>
    <ClCompile Include="Draw2D.cpp">
      <Filter>Draw</Filter>
    </ClCompile>
    <ClCompile Include="VertexBuffer2D.cpp">
      <Filter>Buffer\Vertex</Filter>
    </ClCompile>
    <ClCompile Include="RenderState2D.cpp">
      <Filter>RenderState</Filter>
    </ClCompile>
    <ClCompile Include="Texture2D.cpp">
      <Filter>Texture</Filter>
    </ClCompile>
    <ClCompile Include="NodeCam.cpp">
      <Filter>Scene\Nodes</Filter>
    </ClCompile>
    <ClCompile Include="Importer.cpp">
      <Filter>Import</Filter>
    </ClCompile>
    <ClCompile Include="SceneBase.cpp">
      <Filter>Scene</Filter>
    </ClCompile>
    <ClCompile Include="SceneRenderer.cpp">
      <Filter>Renderer</Filter>
    </ClCompile>
    <ClCompile Include="RenderState3DNormal.cpp">
      <Filter>Renderer\RenderStates</Filter>
    </ClCompile>
    <ClCompile Include="VertexBuffer3D.cpp">
      <Filter>Buffer\Vertex</Filter>
    </ClCompile>
    <ClCompile Include="MathsUtil.cpp">
      <Filter>Maths</Filter>
    </ClCompile>
    <ClCompile Include="Material.cpp">
      <Filter>Material</Filter>
    </ClCompile>
    <ClCompile Include="NodeLight.cpp">
      <Filter>Scene\Nodes</Filter>
    </ClCompile>
  </ItemGroup>
</Project>