
Microsoft Visual Studio Solution File, Format Version 12.00
# Visual Studio Version 16
VisualStudioVersion = 16.0.30011.22
MinimumVisualStudioVersion = 10.0.40219.1
Project("{8BC9CEB8-8B4A-11D0-8D11-00A0C91BC942}") = "VividEngine", "Engine\VividEngine\VividEngine.vcxproj", "{CC630681-60B1-482C-8D03-2781228802F0}"
EndProject
Project("{2150E333-8FDC-42A3-9474-1A3956D46DE8}") = "Engine", "Engine", "{857D53F3-6EDC-4CF7-ADB4-D701AA51BD5F}"
EndProject
Project("{2150E333-8FDC-42A3-9474-1A3956D46DE8}") = "Tests", "Tests", "{C954E9B9-9C0C-45D2-9C01-D6C073760D17}"
EndProject
Project("{8BC9CEB8-8B4A-11D0-8D11-00A0C91BC942}") = "VividTest1", "Tests\VividTest1\VividTest1.vcxproj", "{473888DC-BB90-4D8F-AD79-8C9C582EC9E4}"
	ProjectSection(ProjectDependencies) = postProject
		{CC630681-60B1-482C-8D03-2781228802F0} = {CC630681-60B1-482C-8D03-2781228802F0}
	EndProjectSection
EndProject
Project("{2150E333-8FDC-42A3-9474-1A3956D46DE8}") = "Games", "Games", "{A44F8971-63D5-4311-8070-80D7FE9BF9DD}"
EndProject
Project("{8BC9CEB8-8B4A-11D0-8D11-00A0C91BC942}") = "KamiChi3D", "Games\KamiChi3D\KamiChi3D.vcxproj", "{65CF843C-28B7-4445-82CC-03A72B4C6198}"
	ProjectSection(ProjectDependencies) = postProject
		{CC630681-60B1-482C-8D03-2781228802F0} = {CC630681-60B1-482C-8D03-2781228802F0}
	EndProjectSection
EndProject
Project("{2150E333-8FDC-42A3-9474-1A3956D46DE8}") = "Bindings", "Bindings", "{6153FD3D-217F-4691-8AD3-4584B0780E35}"
EndProject
Project("{8BC9CEB8-8B4A-11D0-8D11-00A0C91BC942}") = "VividBind", "Binding\VividBind\VividBind.vcxproj", "{50A9D4B4-DC96-4F35-874C-3F3DB815CBDA}"
	ProjectSection(ProjectDependencies) = postProject
		{CC630681-60B1-482C-8D03-2781228802F0} = {CC630681-60B1-482C-8D03-2781228802F0}
	EndProjectSection
EndProject
Project("{2150E333-8FDC-42A3-9474-1A3956D46DE8}") = "Net", "Net", "{9EE03B1D-878E-477C-B589-036A06B98C38}"
EndProject
Project("{FAE04EC0-301F-11D3-BF4B-00C04F79EFBC}") = "VividNet", "Binding\Net\VividNet\VividNet.csproj", "{2A83BC65-027A-4A52-AD5F-92AF3E83ACD4}"
	ProjectSection(ProjectDependencies) = postProject
		{CC630681-60B1-482C-8D03-2781228802F0} = {CC630681-60B1-482C-8D03-2781228802F0}
		{50A9D4B4-DC96-4F35-874C-3F3DB815CBDA} = {50A9D4B4-DC96-4F35-874C-3F3DB815CBDA}
	EndProjectSection
EndProject
Project("{2150E333-8FDC-42A3-9474-1A3956D46DE8}") = "Native", "Native", "{0D8FD97F-4243-4681-A50D-4884EF4F5A90}"
EndProject
Project("{2150E333-8FDC-42A3-9474-1A3956D46DE8}") = "Net", "Net", "{78BBEA5F-145A-4DFB-9E2D-BA294D68E59F}"
EndProject
Project("{FAE04EC0-301F-11D3-BF4B-00C04F79EFBC}") = "VividNetTest1", "Tests\Net\VividNetTest1\VividNetTest1.csproj", "{F8296183-E265-4AA4-BCFA-3ACD294EDF76}"
EndProject
Global
	GlobalSection(SolutionConfigurationPlatforms) = preSolution
		Debug|Any CPU = Debug|Any CPU
		Debug|x64 = Debug|x64
		Debug|x86 = Debug|x86
		Release|Any CPU = Release|Any CPU
		Release|x64 = Release|x64
		Release|x86 = Release|x86
	EndGlobalSection
	GlobalSection(ProjectConfigurationPlatforms) = postSolution
		{CC630681-60B1-482C-8D03-2781228802F0}.Debug|Any CPU.ActiveCfg = Debug|Win32
		{CC630681-60B1-482C-8D03-2781228802F0}.Debug|x64.ActiveCfg = Debug|x64
		{CC630681-60B1-482C-8D03-2781228802F0}.Debug|x64.Build.0 = Debug|x64
		{CC630681-60B1-482C-8D03-2781228802F0}.Debug|x86.ActiveCfg = Debug|Win32
		{CC630681-60B1-482C-8D03-2781228802F0}.Debug|x86.Build.0 = Debug|Win32
		{CC630681-60B1-482C-8D03-2781228802F0}.Release|Any CPU.ActiveCfg = Release|Win32
		{CC630681-60B1-482C-8D03-2781228802F0}.Release|x64.ActiveCfg = Release|x64
		{CC630681-60B1-482C-8D03-2781228802F0}.Release|x64.Build.0 = Release|x64
		{CC630681-60B1-482C-8D03-2781228802F0}.Release|x86.ActiveCfg = Release|Win32
		{CC630681-60B1-482C-8D03-2781228802F0}.Release|x86.Build.0 = Release|Win32
		{473888DC-BB90-4D8F-AD79-8C9C582EC9E4}.Debug|Any CPU.ActiveCfg = Debug|Win32
		{473888DC-BB90-4D8F-AD79-8C9C582EC9E4}.Debug|x64.ActiveCfg = Debug|x64
		{473888DC-BB90-4D8F-AD79-8C9C582EC9E4}.Debug|x64.Build.0 = Debug|x64
		{473888DC-BB90-4D8F-AD79-8C9C582EC9E4}.Debug|x86.ActiveCfg = Debug|Win32
		{473888DC-BB90-4D8F-AD79-8C9C582EC9E4}.Debug|x86.Build.0 = Debug|Win32
		{473888DC-BB90-4D8F-AD79-8C9C582EC9E4}.Release|Any CPU.ActiveCfg = Release|Win32
		{473888DC-BB90-4D8F-AD79-8C9C582EC9E4}.Release|x64.ActiveCfg = Release|x64
		{473888DC-BB90-4D8F-AD79-8C9C582EC9E4}.Release|x64.Build.0 = Release|x64
		{473888DC-BB90-4D8F-AD79-8C9C582EC9E4}.Release|x86.ActiveCfg = Release|Win32
		{473888DC-BB90-4D8F-AD79-8C9C582EC9E4}.Release|x86.Build.0 = Release|Win32
		{65CF843C-28B7-4445-82CC-03A72B4C6198}.Debug|Any CPU.ActiveCfg = Debug|Win32
		{65CF843C-28B7-4445-82CC-03A72B4C6198}.Debug|x64.ActiveCfg = Debug|x64
		{65CF843C-28B7-4445-82CC-03A72B4C6198}.Debug|x64.Build.0 = Debug|x64
		{65CF843C-28B7-4445-82CC-03A72B4C6198}.Debug|x86.ActiveCfg = Debug|Win32
		{65CF843C-28B7-4445-82CC-03A72B4C6198}.Debug|x86.Build.0 = Debug|Win32
		{65CF843C-28B7-4445-82CC-03A72B4C6198}.Release|Any CPU.ActiveCfg = Release|Win32
		{65CF843C-28B7-4445-82CC-03A72B4C6198}.Release|x64.ActiveCfg = Release|x64
		{65CF843C-28B7-4445-82CC-03A72B4C6198}.Release|x64.Build.0 = Release|x64
		{65CF843C-28B7-4445-82CC-03A72B4C6198}.Release|x86.ActiveCfg = Release|Win32
		{65CF843C-28B7-4445-82CC-03A72B4C6198}.Release|x86.Build.0 = Release|Win32
		{50A9D4B4-DC96-4F35-874C-3F3DB815CBDA}.Debug|Any CPU.ActiveCfg = Debug|Win32
		{50A9D4B4-DC96-4F35-874C-3F3DB815CBDA}.Debug|x64.ActiveCfg = Debug|x64
		{50A9D4B4-DC96-4F35-874C-3F3DB815CBDA}.Debug|x64.Build.0 = Debug|x64
		{50A9D4B4-DC96-4F35-874C-3F3DB815CBDA}.Debug|x86.ActiveCfg = Debug|Win32
		{50A9D4B4-DC96-4F35-874C-3F3DB815CBDA}.Debug|x86.Build.0 = Debug|Win32
		{50A9D4B4-DC96-4F35-874C-3F3DB815CBDA}.Release|Any CPU.ActiveCfg = Release|Win32
		{50A9D4B4-DC96-4F35-874C-3F3DB815CBDA}.Release|x64.ActiveCfg = Release|x64
		{50A9D4B4-DC96-4F35-874C-3F3DB815CBDA}.Release|x64.Build.0 = Release|x64
		{50A9D4B4-DC96-4F35-874C-3F3DB815CBDA}.Release|x86.ActiveCfg = Release|Win32
		{50A9D4B4-DC96-4F35-874C-3F3DB815CBDA}.Release|x86.Build.0 = Release|Win32
		{2A83BC65-027A-4A52-AD5F-92AF3E83ACD4}.Debug|Any CPU.ActiveCfg = Debug|Any CPU
		{2A83BC65-027A-4A52-AD5F-92AF3E83ACD4}.Debug|Any CPU.Build.0 = Debug|Any CPU
		{2A83BC65-027A-4A52-AD5F-92AF3E83ACD4}.Debug|x64.ActiveCfg = Debug|x64
		{2A83BC65-027A-4A52-AD5F-92AF3E83ACD4}.Debug|x64.Build.0 = Debug|x64
		{2A83BC65-027A-4A52-AD5F-92AF3E83ACD4}.Debug|x86.ActiveCfg = Debug|Any CPU
		{2A83BC65-027A-4A52-AD5F-92AF3E83ACD4}.Debug|x86.Build.0 = Debug|Any CPU
		{2A83BC65-027A-4A52-AD5F-92AF3E83ACD4}.Release|Any CPU.ActiveCfg = Release|Any CPU
		{2A83BC65-027A-4A52-AD5F-92AF3E83ACD4}.Release|Any CPU.Build.0 = Release|Any CPU
		{2A83BC65-027A-4A52-AD5F-92AF3E83ACD4}.Release|x64.ActiveCfg = Release|Any CPU
		{2A83BC65-027A-4A52-AD5F-92AF3E83ACD4}.Release|x64.Build.0 = Release|Any CPU
		{2A83BC65-027A-4A52-AD5F-92AF3E83ACD4}.Release|x86.ActiveCfg = Release|Any CPU
		{2A83BC65-027A-4A52-AD5F-92AF3E83ACD4}.Release|x86.Build.0 = Release|Any CPU
		{F8296183-E265-4AA4-BCFA-3ACD294EDF76}.Debug|Any CPU.ActiveCfg = Debug|Any CPU
		{F8296183-E265-4AA4-BCFA-3ACD294EDF76}.Debug|Any CPU.Build.0 = Debug|Any CPU
		{F8296183-E265-4AA4-BCFA-3ACD294EDF76}.Debug|x64.ActiveCfg = Debug|x64
		{F8296183-E265-4AA4-BCFA-3ACD294EDF76}.Debug|x64.Build.0 = Debug|x64
		{F8296183-E265-4AA4-BCFA-3ACD294EDF76}.Debug|x86.ActiveCfg = Debug|Any CPU
		{F8296183-E265-4AA4-BCFA-3ACD294EDF76}.Debug|x86.Build.0 = Debug|Any CPU
		{F8296183-E265-4AA4-BCFA-3ACD294EDF76}.Release|Any CPU.ActiveCfg = Release|Any CPU
		{F8296183-E265-4AA4-BCFA-3ACD294EDF76}.Release|Any CPU.Build.0 = Release|Any CPU
		{F8296183-E265-4AA4-BCFA-3ACD294EDF76}.Release|x64.ActiveCfg = Release|Any CPU
		{F8296183-E265-4AA4-BCFA-3ACD294EDF76}.Release|x64.Build.0 = Release|Any CPU
		{F8296183-E265-4AA4-BCFA-3ACD294EDF76}.Release|x86.ActiveCfg = Release|Any CPU
		{F8296183-E265-4AA4-BCFA-3ACD294EDF76}.Release|x86.Build.0 = Release|Any CPU
	EndGlobalSection
	GlobalSection(SolutionProperties) = preSolution
		HideSolutionNode = FALSE
	EndGlobalSection
	GlobalSection(NestedProjects) = preSolution
		{CC630681-60B1-482C-8D03-2781228802F0} = {857D53F3-6EDC-4CF7-ADB4-D701AA51BD5F}
		{473888DC-BB90-4D8F-AD79-8C9C582EC9E4} = {0D8FD97F-4243-4681-A50D-4884EF4F5A90}
		{65CF843C-28B7-4445-82CC-03A72B4C6198} = {A44F8971-63D5-4311-8070-80D7FE9BF9DD}
		{50A9D4B4-DC96-4F35-874C-3F3DB815CBDA} = {6153FD3D-217F-4691-8AD3-4584B0780E35}
		{9EE03B1D-878E-477C-B589-036A06B98C38} = {6153FD3D-217F-4691-8AD3-4584B0780E35}
		{2A83BC65-027A-4A52-AD5F-92AF3E83ACD4} = {9EE03B1D-878E-477C-B589-036A06B98C38}
		{0D8FD97F-4243-4681-A50D-4884EF4F5A90} = {C954E9B9-9C0C-45D2-9C01-D6C073760D17}
		{78BBEA5F-145A-4DFB-9E2D-BA294D68E59F} = {C954E9B9-9C0C-45D2-9C01-D6C073760D17}
		{F8296183-E265-4AA4-BCFA-3ACD294EDF76} = {78BBEA5F-145A-4DFB-9E2D-BA294D68E59F}
	EndGlobalSection
	GlobalSection(ExtensibilityGlobals) = postSolution
		SolutionGuid = {02C7B51A-D210-4C33-B011-26E8515B222C}
	EndGlobalSection
EndGlobal
